
Microsoft Visual Studio Solution File, Format Version 12.00
Project("{FAE04EC0-301F-11D3-BF4B-00C04F79EFBC}") = "NUrumi", "NUrumi\NUrumi.csproj", "{A11855B6-163A-497F-8B17-3DA1227DCFEB}"
EndProject
Project("{FAE04EC0-301F-11D3-BF4B-00C04F79EFBC}") = "NUrumi.Test", "NUrumi.Test\NUrumi.Test.csproj", "{3E223D29-2027-4020-A4DE-30A844C50D85}"
EndProject
Project("{FAE04EC0-301F-11D3-BF4B-00C04F79EFBC}") = "NUrumi.Benchmark", "NUrumi.Benchmark\NUrumi.Benchmark.csproj", "{67227FF9-C865-4EA8-8B91-25B835BDD86D}"
EndProject
Global
	GlobalSection(SolutionConfigurationPlatforms) = preSolution
		Debug|Any CPU = Debug|Any CPU
		Release|Any CPU = Release|Any CPU
	EndGlobalSection
	GlobalSection(ProjectConfigurationPlatforms) = postSolution
		{A11855B6-163A-497F-8B17-3DA1227DCFEB}.Debug|Any CPU.ActiveCfg = Debug|Any CPU
		{A11855B6-163A-497F-8B17-3DA1227DCFEB}.Debug|Any CPU.Build.0 = Debug|Any CPU
		{A11855B6-163A-497F-8B17-3DA1227DCFEB}.Release|Any CPU.ActiveCfg = Release|Any CPU
		{A11855B6-163A-497F-8B17-3DA1227DCFEB}.Release|Any CPU.Build.0 = Release|Any CPU
		{3E223D29-2027-4020-A4DE-30A844C50D85}.Debug|Any CPU.ActiveCfg = Debug|Any CPU
		{3E223D29-2027-4020-A4DE-30A844C50D85}.Debug|Any CPU.Build.0 = Debug|Any CPU
		{3E223D29-2027-4020-A4DE-30A844C50D85}.Release|Any CPU.ActiveCfg = Release|Any CPU
		{3E223D29-2027-4020-A4DE-30A844C50D85}.Release|Any CPU.Build.0 = Release|Any CPU
		{67227FF9-C865-4EA8-8B91-25B835BDD86D}.Debug|Any CPU.ActiveCfg = Debug|Any CPU
		{67227FF9-C865-4EA8-8B91-25B835BDD86D}.Debug|Any CPU.Build.0 = Debug|Any CPU
		{67227FF9-C865-4EA8-8B91-25B835BDD86D}.Release|Any CPU.ActiveCfg = Release|Any CPU
		{67227FF9-C865-4EA8-8B91-25B835BDD86D}.Release|Any CPU.Build.0 = Release|Any CPU
	EndGlobalSection
EndGlobal
